{
  "name": "root-redirect",
  "lockfileVersion": 3,
  "requires": true,
  "packages": {
    "": {
      "name": "root-redirect",
      "dependencies": {
        "aws-cli-js": "^2.2.3"
      }
    },
    "node_modules/aws-cli-js": {
      "version": "2.2.3",
      "resolved": "https://registry.npmjs.org/aws-cli-js/-/aws-cli-js-2.2.3.tgz",
      "integrity": "sha512-QHnL5VXtbXbcZK9xlvIUGr+iua5cgBXqEG0wXRoJ/DCjdG7M2jq0nSn2bV5rzuR7nOFyWFMwgLmaDXiTBSl7wg==",
      "dependencies": {
        "nodeify-ts": "1.0.6"
      }
    },
    "node_modules/nodeify-ts": {
      "version": "1.0.6",
      "resolved": "https://registry.npmjs.org/nodeify-ts/-/nodeify-ts-1.0.6.tgz",
      "integrity": "sha512-jq+8sqVG1aLqy5maMTceL8NUJ1CvarWztlxvrYh3G0aao9BsVeoVmVedUnrUSBLetP7oLIAJrPrw4+iIo7v3GA=="
    }
  }
}
